
Microsoft Visual Studio Solution File, Format Version 12.00
# Visual Studio Version 16
VisualStudioVersion = 16.0.29326.143
MinimumVisualStudioVersion = 10.0.40219.1
Project("{FAE04EC0-301F-11D3-BF4B-00C04F79EFBC}") = "Assignment_6-1", "Assignment_6-1\Assignment_6-1.csproj", "{B908EE58-2E38-4C04-AF16-AD6DF7B01409}"
EndProject
Global
	GlobalSection(SolutionConfigurationPlatforms) = preSolution
		Debug|Any CPU = Debug|Any CPU
		Release|Any CPU = Release|Any CPU
	EndGlobalSection
	GlobalSection(ProjectConfigurationPlatforms) = postSolution
		{B908EE58-2E38-4C04-AF16-AD6DF7B01409}.Debug|Any CPU.ActiveCfg = Debug|Any CPU
		{B908EE58-2E38-4C04-AF16-AD6DF7B01409}.Debug|Any CPU.Build.0 = Debug|Any CPU
		{B908EE58-2E38-4C04-AF16-AD6DF7B01409}.Release|Any CPU.ActiveCfg = Release|Any CPU
		{B908EE58-2E38-4C04-AF16-AD6DF7B01409}.Release|Any CPU.Build.0 = Release|Any CPU
	EndGlobalSection
	GlobalSection(SolutionProperties) = preSolution
		HideSolutionNode = FALSE
	EndGlobalSection
	GlobalSection(ExtensibilityGlobals) = postSolution
		SolutionGuid = {EE8E5E20-6205-4DBF-A7D0-F80AFE27631E}
	EndGlobalSection
EndGlobal
